
Microsoft Visual Studio Solution File, Format Version 12.00
# Visual Studio 15
VisualStudioVersion = 15.0.28307.1259
MinimumVisualStudioVersion = 10.0.40219.1
Project("{8BC9CEB8-8B4A-11D0-8D11-00A0C91BC942}") = "MFCApplication1", "MFCApplication1\MFCApplication1.vcxproj", "{552E5F2D-A641-441E-AA98-53260D79ED00}"
EndProject
Global
	GlobalSection(SolutionConfigurationPlatforms) = preSolution
		Debug|x64 = Debug|x64
		Debug|x86 = Debug|x86
		Release|x64 = Release|x64
		Release|x86 = Release|x86
	EndGlobalSection
	GlobalSection(ProjectConfigurationPlatforms) = postSolution
		{552E5F2D-A641-441E-AA98-53260D79ED00}.Debug|x64.ActiveCfg = Debug|x64
		{552E5F2D-A641-441E-AA98-53260D79ED00}.Debug|x64.Build.0 = Debug|x64
		{552E5F2D-A641-441E-AA98-53260D79ED00}.Debug|x86.ActiveCfg = Debug|Win32
		{552E5F2D-A641-441E-AA98-53260D79ED00}.Debug|x86.Build.0 = Debug|Win32
		{552E5F2D-A641-441E-AA98-53260D79ED00}.Release|x64.ActiveCfg = Release|x64
		{552E5F2D-A641-441E-AA98-53260D79ED00}.Release|x64.Build.0 = Release|x64
		{552E5F2D-A641-441E-AA98-53260D79ED00}.Release|x86.ActiveCfg = Release|Win32
		{552E5F2D-A641-441E-AA98-53260D79ED00}.Release|x86.Build.0 = Release|Win32
	EndGlobalSection
	GlobalSection(SolutionProperties) = preSolution
		HideSolutionNode = FALSE
	EndGlobalSection
	GlobalSection(ExtensibilityGlobals) = postSolution
		SolutionGuid = {14A38586-CB3F-4F2C-AB3E-82E2374ECE6D}
	EndGlobalSection
EndGlobal
